{
  "name": "spfx-mono-repo-npm-workspace",
  "version": "0.1.0",
  "lockfileVersion": 3,
  "requires": true,
  "packages": {
    "": {
      "name": "spfx-mono-repo-npm-workspace",
      "version": "0.1.0",
      "workspaces": [
        "packages/*"
      ],
      "engines": {
        "node": ">=22.14.0 <23.0.0",
        "npm": ">=10.9.8"
      }
    }
  }
}
